
Microsoft Visual Studio Solution File, Format Version 12.00
# Visual Studio 15
VisualStudioVersion = 15.0.28307.852
MinimumVisualStudioVersion = 10.0.40219.1
Project("{FAE04EC0-301F-11D3-BF4B-00C04F79EFBC}") = "ProvectoLogia.Android", "ProvectoLogia\ProvectoLogia.Android\ProvectoLogia.Android.csproj", "{B37BAFAB-C691-48B6-9CA4-CE06150C5552}"
EndProject
Project("{FAE04EC0-301F-11D3-BF4B-00C04F79EFBC}") = "ProvectoLogia.iOS", "ProvectoLogia\ProvectoLogia.iOS\ProvectoLogia.iOS.csproj", "{1AD8F240-7053-4612-A0B1-B2016696BD02}"
EndProject
Project("{FAE04EC0-301F-11D3-BF4B-00C04F79EFBC}") = "ProvectoLogia.UWP", "ProvectoLogia\ProvectoLogia.UWP\ProvectoLogia.UWP.csproj", "{E6E2170A-46B7-4DED-8458-750D7F0B3ADD}"
EndProject
Project("{FAE04EC0-301F-11D3-BF4B-00C04F79EFBC}") = "ProvectoLogia", "ProvectoLogia\ProvectoLogia\ProvectoLogia.csproj", "{F1E6669A-4F6D-4548-A9A2-49D73ACFDF13}"
EndProject
Global
	GlobalSection(SolutionConfigurationPlatforms) = preSolution
		Ad-Hoc|Any CPU = Ad-Hoc|Any CPU
		Ad-Hoc|ARM = Ad-Hoc|ARM
		Ad-Hoc|iPhone = Ad-Hoc|iPhone
		Ad-Hoc|iPhoneSimulator = Ad-Hoc|iPhoneSimulator
		Ad-Hoc|x64 = Ad-Hoc|x64
		Ad-Hoc|x86 = Ad-Hoc|x86
		AppStore|Any CPU = AppStore|Any CPU
		AppStore|ARM = AppStore|ARM
		AppStore|iPhone = AppStore|iPhone
		AppStore|iPhoneSimulator = AppStore|iPhoneSimulator
		AppStore|x64 = AppStore|x64
		AppStore|x86 = AppStore|x86
		Debug|Any CPU = Debug|Any CPU
		Debug|ARM = Debug|ARM
		Debug|iPhone = Debug|iPhone
		Debug|iPhoneSimulator = Debug|iPhoneSimulator
		Debug|x64 = Debug|x64
		Debug|x86 = Debug|x86
		Release|Any CPU = Release|Any CPU
		Release|ARM = Release|ARM
		Release|iPhone = Release|iPhone
		Release|iPhoneSimulator = Release|iPhoneSimulator
		Release|x64 = Release|x64
		Release|x86 = Release|x86
	EndGlobalSection
	GlobalSection(ProjectConfigurationPlatforms) = postSolution
		{B37BAFAB-C691-48B6-9CA4-CE06150C5552}.Ad-Hoc|Any CPU.ActiveCfg = Release|Any CPU
		{B37BAFAB-C691-48B6-9CA4-CE06150C5552}.Ad-Hoc|Any CPU.Build.0 = Release|Any CPU
		{B37BAFAB-C691-48B6-9CA4-CE06150C5552}.Ad-Hoc|Any CPU.Deploy.0 = Release|Any CPU
		{B37BAFAB-C691-48B6-9CA4-CE06150C5552}.Ad-Hoc|ARM.ActiveCfg = Release|Any CPU
		{B37BAFAB-C691-48B6-9CA4-CE06150C5552}.Ad-Hoc|ARM.Build.0 = Release|Any CPU
		{B37BAFAB-C691-48B6-9CA4-CE06150C5552}.Ad-Hoc|ARM.Deploy.0 = Release|Any CPU
		{B37BAFAB-C691-48B6-9CA4-CE06150C5552}.Ad-Hoc|iPhone.ActiveCfg = Release|Any CPU
		{B37BAFAB-C691-48B6-9CA4-CE06150C5552}.Ad-Hoc|iPhone.Build.0 = Release|Any CPU
		{B37BAFAB-C691-48B6-9CA4-CE06150C5552}.Ad-Hoc|iPhone.Deploy.0 = Release|Any CPU
		{B37BAFAB-C691-48B6-9CA4-CE06150C5552}.Ad-Hoc|iPhoneSimulator.ActiveCfg = Release|Any CPU
		{B37BAFAB-C691-48B6-9CA4-CE06150C5552}.Ad-Hoc|iPhoneSimulator.Build.0 = Release|Any CPU
		{B37BAFAB-C691-48B6-9CA4-CE06150C5552}.Ad-Hoc|iPhoneSimulator.Deploy.0 = Release|Any CPU
		{B37BAFAB-C691-48B6-9CA4-CE06150C5552}.Ad-Hoc|x64.ActiveCfg = Release|Any CPU
		{B37BAFAB-C691-48B6-9CA4-CE06150C5552}.Ad-Hoc|x64.Build.0 = Release|Any CPU
		{B37BAFAB-C691-48B6-9CA4-CE06150C5552}.Ad-Hoc|x64.Deploy.0 = Release|Any CPU
		{B37BAFAB-C691-48B6-9CA4-CE06150C5552}.Ad-Hoc|x86.ActiveCfg = Release|Any CPU
		{B37BAFAB-C691-48B6-9CA4-CE06150C5552}.Ad-Hoc|x86.Build.0 = Release|Any CPU
		{B37BAFAB-C691-48B6-9CA4-CE06150C5552}.Ad-Hoc|x86.Deploy.0 = Release|Any CPU
		{B37BAFAB-C691-48B6-9CA4-CE06150C5552}.AppStore|Any CPU.ActiveCfg = Release|Any CPU
		{B37BAFAB-C691-48B6-9CA4-CE06150C5552}.AppStore|Any CPU.Build.0 = Release|Any CPU
		{B37BAFAB-C691-48B6-9CA4-CE06150C5552}.AppStore|Any CPU.Deploy.0 = Release|Any CPU
		{B37BAFAB-C691-48B6-9CA4-CE06150C5552}.AppStore|ARM.ActiveCfg = Release|Any CPU
		{B37BAFAB-C691-48B6-9CA4-CE06150C5552}.AppStore|ARM.Build.0 = Release|Any CPU
		{B37BAFAB-C691-48B6-9CA4-CE06150C5552}.AppStore|ARM.Deploy.0 = Release|Any CPU
		{B37BAFAB-C691-48B6-9CA4-CE06150C5552}.AppStore|iPhone.ActiveCfg = Release|Any CPU
		{B37BAFAB-C691-48B6-9CA4-CE06150C5552}.AppStore|iPhone.Build.0 = Release|Any CPU
		{B37BAFAB-C691-48B6-9CA4-CE06150C5552}.AppStore|iPhone.Deploy.0 = Release|Any CPU
		{B37BAFAB-C691-48B6-9CA4-CE06150C5552}.AppStore|iPhoneSimulator.ActiveCfg = Release|Any CPU
		{B37BAFAB-C691-48B6-9CA4-CE06150C5552}.AppStore|iPhoneSimulator.Build.0 = Release|Any CPU
		{B37BAFAB-C691-48B6-9CA4-CE06150C5552}.AppStore|iPhoneSimulator.Deploy.0 = Release|Any CPU
		{B37BAFAB-C691-48B6-9CA4-CE06150C5552}.AppStore|x64.ActiveCfg = Release|Any CPU
		{B37BAFAB-C691-48B6-9CA4-CE06150C5552}.AppStore|x64.Build.0 = Release|Any CPU
		{B37BAFAB-C691-48B6-9CA4-CE06150C5552}.AppStore|x64.Deploy.0 = Release|Any CPU
		{B37BAFAB-C691-48B6-9CA4-CE06150C5552}.AppStore|x86.ActiveCfg = Release|Any CPU
		{B37BAFAB-C691-48B6-9CA4-CE06150C5552}.AppStore|x86.Build.0 = Release|Any CPU
		{B37BAFAB-C691-48B6-9CA4-CE06150C5552}.AppStore|x86.Deploy.0 = Release|Any CPU
		{B37BAFAB-C691-48B6-9CA4-CE06150C5552}.Debug|Any CPU.ActiveCfg = Debug|Any CPU
		{B37BAFAB-C691-48B6-9CA4-CE06150C5552}.Debug|Any CPU.Build.0 = Debug|Any CPU
		{B37BAFAB-C691-48B6-9CA4-CE06150C5552}.Debug|Any CPU.Deploy.0 = Debug|Any CPU
		{B37BAFAB-C691-48B6-9CA4-CE06150C5552}.Debug|ARM.ActiveCfg = Debug|Any CPU
		{B37BAFAB-C691-48B6-9CA4-CE06150C5552}.Debug|ARM.Build.0 = Debug|Any CPU
		{B37BAFAB-C691-48B6-9CA4-CE06150C5552}.Debug|ARM.Deploy.0 = Debug|Any CPU
		{B37BAFAB-C691-48B6-9CA4-CE06150C5552}.Debug|iPhone.ActiveCfg = Debug|Any CPU
		{B37BAFAB-C691-48B6-9CA4-CE06150C5552}.Debug|iPhone.Build.0 = Debug|Any CPU
		{B37BAFAB-C691-48B6-9CA4-CE06150C5552}.Debug|iPhone.Deploy.0 = Debug|Any CPU
		{B37BAFAB-C691-48B6-9CA4-CE06150C5552}.Debug|iPhoneSimulator.ActiveCfg = Debug|Any CPU
		{B37BAFAB-C691-48B6-9CA4-CE06150C5552}.Debug|iPhoneSimulator.Build.0 = Debug|Any CPU
		{B37BAFAB-C691-48B6-9CA4-CE06150C5552}.Debug|iPhoneSimulator.Deploy.0 = Debug|Any CPU
		{B37BAFAB-C691-48B6-9CA4-CE06150C5552}.Debug|x64.ActiveCfg = Debug|Any CPU
		{B37BAFAB-C691-48B6-9CA4-CE06150C5552}.Debug|x64.Build.0 = Debug|Any CPU
		{B37BAFAB-C691-48B6-9CA4-CE06150C5552}.Debug|x64.Deploy.0 = Debug|Any CPU
		{B37BAFAB-C691-48B6-9CA4-CE06150C5552}.Debug|x86.ActiveCfg = Debug|Any CPU
		{B37BAFAB-C691-48B6-9CA4-CE06150C5552}.Debug|x86.Build.0 = Debug|Any CPU
		{B37BAFAB-C691-48B6-9CA4-CE06150C5552}.Debug|x86.Deploy.0 = Debug|Any CPU
		{B37BAFAB-C691-48B6-9CA4-CE06150C5552}.Release|Any CPU.ActiveCfg = Release|Any CPU
		{B37BAFAB-C691-48B6-9CA4-CE06150C5552}.Release|Any CPU.Build.0 = Release|Any CPU
		{B37BAFAB-C691-48B6-9CA4-CE06150C5552}.Release|Any CPU.Deploy.0 = Release|Any CPU
		{B37BAFAB-C691-48B6-9CA4-CE06150C5552}.Release|ARM.ActiveCfg = Release|Any CPU
		{B37BAFAB-C691-48B6-9CA4-CE06150C5552}.Release|ARM.Build.0 = Release|Any CPU
		{B37BAFAB-C691-48B6-9CA4-CE06150C5552}.Release|ARM.Deploy.0 = Release|Any CPU
		{B37BAFAB-C691-48B6-9CA4-CE06150C5552}.Release|iPhone.ActiveCfg = Release|Any CPU
		{B37BAFAB-C691-48B6-9CA4-CE06150C5552}.Release|iPhone.Build.0 = Release|Any CPU
		{B37BAFAB-C691-48B6-9CA4-CE06150C5552}.Release|iPhone.Deploy.0 = Release|Any CPU
		{B37BAFAB-C691-48B6-9CA4-CE06150C5552}.Release|iPhoneSimulator.ActiveCfg = Release|Any CPU
		{B37BAFAB-C691-48B6-9CA4-CE06150C5552}.Release|iPhoneSimulator.Build.0 = Release|Any CPU
		{B37BAFAB-C691-48B6-9CA4-CE06150C5552}.Release|iPhoneSimulator.Deploy.0 = Release|Any CPU
		{B37BAFAB-C691-48B6-9CA4-CE06150C5552}.Release|x64.ActiveCfg = Release|Any CPU
		{B37BAFAB-C691-48B6-9CA4-CE06150C5552}.Release|x64.Build.0 = Release|Any CPU
		{B37BAFAB-C691-48B6-9CA4-CE06150C5552}.Release|x64.Deploy.0 = Release|Any CPU
		{B37BAFAB-C691-48B6-9CA4-CE06150C5552}.Release|x86.ActiveCfg = Release|Any CPU
		{B37BAFAB-C691-48B6-9CA4-CE06150C5552}.Release|x86.Build.0 = Release|Any CPU
		{B37BAFAB-C691-48B6-9CA4-CE06150C5552}.Release|x86.Deploy.0 = Release|Any CPU
		{1AD8F240-7053-4612-A0B1-B2016696BD02}.Ad-Hoc|Any CPU.ActiveCfg = Ad-Hoc|iPhone
		{1AD8F240-7053-4612-A0B1-B2016696BD02}.Ad-Hoc|Any CPU.Build.0 = Ad-Hoc|iPhone
		{1AD8F240-7053-4612-A0B1-B2016696BD02}.Ad-Hoc|Any CPU.Deploy.0 = Ad-Hoc|iPhone
		{1AD8F240-7053-4612-A0B1-B2016696BD02}.Ad-Hoc|ARM.ActiveCfg = Ad-Hoc|iPhone
		{1AD8F240-7053-4612-A0B1-B2016696BD02}.Ad-Hoc|ARM.Build.0 = Ad-Hoc|iPhone
		{1AD8F240-7053-4612-A0B1-B2016696BD02}.Ad-Hoc|ARM.Deploy.0 = Ad-Hoc|iPhone
		{1AD8F240-7053-4612-A0B1-B2016696BD02}.Ad-Hoc|iPhone.ActiveCfg = Ad-Hoc|iPhone
		{1AD8F240-7053-4612-A0B1-B2016696BD02}.Ad-Hoc|iPhone.Build.0 = Ad-Hoc|iPhone
		{1AD8F240-7053-4612-A0B1-B2016696BD02}.Ad-Hoc|iPhone.Deploy.0 = Ad-Hoc|iPhone
		{1AD8F240-7053-4612-A0B1-B2016696BD02}.Ad-Hoc|iPhoneSimulator.ActiveCfg = Ad-Hoc|iPhoneSimulator
		{1AD8F240-7053-4612-A0B1-B2016696BD02}.Ad-Hoc|iPhoneSimulator.Build.0 = Ad-Hoc|iPhoneSimulator
		{1AD8F240-7053-4612-A0B1-B2016696BD02}.Ad-Hoc|iPhoneSimulator.Deploy.0 = Ad-Hoc|iPhoneSimulator
		{1AD8F240-7053-4612-A0B1-B2016696BD02}.Ad-Hoc|x64.ActiveCfg = Ad-Hoc|iPhone
		{1AD8F240-7053-4612-A0B1-B2016696BD02}.Ad-Hoc|x64.Build.0 = Ad-Hoc|iPhone
		{1AD8F240-7053-4612-A0B1-B2016696BD02}.Ad-Hoc|x64.Deploy.0 = Ad-Hoc|iPhone
		{1AD8F240-7053-4612-A0B1-B2016696BD02}.Ad-Hoc|x86.ActiveCfg = Ad-Hoc|iPhone
		{1AD8F240-7053-4612-A0B1-B2016696BD02}.Ad-Hoc|x86.Build.0 = Ad-Hoc|iPhone
		{1AD8F240-7053-4612-A0B1-B2016696BD02}.Ad-Hoc|x86.Deploy.0 = Ad-Hoc|iPhone
		{1AD8F240-7053-4612-A0B1-B2016696BD02}.AppStore|Any CPU.ActiveCfg = AppStore|iPhone
		{1AD8F240-7053-4612-A0B1-B2016696BD02}.AppStore|Any CPU.Build.0 = AppStore|iPhone
		{1AD8F240-7053-4612-A0B1-B2016696BD02}.AppStore|Any CPU.Deploy.0 = AppStore|iPhone
		{1AD8F240-7053-4612-A0B1-B2016696BD02}.AppStore|ARM.ActiveCfg = AppStore|iPhone
		{1AD8F240-7053-4612-A0B1-B2016696BD02}.AppStore|ARM.Build.0 = AppStore|iPhone
		{1AD8F240-7053-4612-A0B1-B2016696BD02}.AppStore|ARM.Deploy.0 = AppStore|iPhone
		{1AD8F240-7053-4612-A0B1-B2016696BD02}.AppStore|iPhone.ActiveCfg = AppStore|iPhone
		{1AD8F240-7053-4612-A0B1-B2016696BD02}.AppStore|iPhone.Build.0 = AppStore|iPhone
		{1AD8F240-7053-4612-A0B1-B2016696BD02}.AppStore|iPhone.Deploy.0 = AppStore|iPhone
		{1AD8F240-7053-4612-A0B1-B2016696BD02}.AppStore|iPhoneSimulator.ActiveCfg = AppStore|iPhoneSimulator
		{1AD8F240-7053-4612-A0B1-B2016696BD02}.AppStore|iPhoneSimulator.Build.0 = AppStore|iPhoneSimulator
		{1AD8F240-7053-4612-A0B1-B2016696BD02}.AppStore|iPhoneSimulator.Deploy.0 = AppStore|iPhoneSimulator
		{1AD8F240-7053-4612-A0B1-B2016696BD02}.AppStore|x64.ActiveCfg = AppStore|iPhone
		{1AD8F240-7053-4612-A0B1-B2016696BD02}.AppStore|x64.Build.0 = AppStore|iPhone
		{1AD8F240-7053-4612-A0B1-B2016696BD02}.AppStore|x64.Deploy.0 = AppStore|iPhone
		{1AD8F240-7053-4612-A0B1-B2016696BD02}.AppStore|x86.ActiveCfg = AppStore|iPhone
		{1AD8F240-7053-4612-A0B1-B2016696BD02}.AppStore|x86.Build.0 = AppStore|iPhone
		{1AD8F240-7053-4612-A0B1-B2016696BD02}.AppStore|x86.Deploy.0 = AppStore|iPhone
		{1AD8F240-7053-4612-A0B1-B2016696BD02}.Debug|Any CPU.ActiveCfg = Debug|iPhoneSimulator
		{1AD8F240-7053-4612-A0B1-B2016696BD02}.Debug|Any CPU.Build.0 = Debug|iPhoneSimulator
		{1AD8F240-7053-4612-A0B1-B2016696BD02}.Debug|Any CPU.Deploy.0 = Debug|iPhoneSimulator
		{1AD8F240-7053-4612-A0B1-B2016696BD02}.Debug|ARM.ActiveCfg = Debug|iPhone
		{1AD8F240-7053-4612-A0B1-B2016696BD02}.Debug|ARM.Build.0 = Debug|iPhone
		{1AD8F240-7053-4612-A0B1-B2016696BD02}.Debug|ARM.Deploy.0 = Debug|iPhone
		{1AD8F240-7053-4612-A0B1-B2016696BD02}.Debug|iPhone.ActiveCfg = Debug|iPhone
		{1AD8F240-7053-4612-A0B1-B2016696BD02}.Debug|iPhone.Build.0 = Debug|iPhone
		{1AD8F240-7053-4612-A0B1-B2016696BD02}.Debug|iPhone.Deploy.0 = Debug|iPhone
		{1AD8F240-7053-4612-A0B1-B2016696BD02}.Debug|iPhoneSimulator.ActiveCfg = Debug|iPhoneSimulator
		{1AD8F240-7053-4612-A0B1-B2016696BD02}.Debug|iPhoneSimulator.Build.0 = Debug|iPhoneSimulator
		{1AD8F240-7053-4612-A0B1-B2016696BD02}.Debug|iPhoneSimulator.Deploy.0 = Debug|iPhoneSimulator
		{1AD8F240-7053-4612-A0B1-B2016696BD02}.Debug|x64.ActiveCfg = Debug|iPhone
		{1AD8F240-7053-4612-A0B1-B2016696BD02}.Debug|x64.Build.0 = Debug|iPhone
		{1AD8F240-7053-4612-A0B1-B2016696BD02}.Debug|x64.Deploy.0 = Debug|iPhone
		{1AD8F240-7053-4612-A0B1-B2016696BD02}.Debug|x86.ActiveCfg = Debug|iPhone
		{1AD8F240-7053-4612-A0B1-B2016696BD02}.Debug|x86.Build.0 = Debug|iPhone
		{1AD8F240-7053-4612-A0B1-B2016696BD02}.Debug|x86.Deploy.0 = Debug|iPhone
		{1AD8F240-7053-4612-A0B1-B2016696BD02}.Release|Any CPU.ActiveCfg = Release|iPhone
		{1AD8F240-7053-4612-A0B1-B2016696BD02}.Release|Any CPU.Build.0 = Release|iPhone
		{1AD8F240-7053-4612-A0B1-B2016696BD02}.Release|Any CPU.Deploy.0 = Release|iPhone
		{1AD8F240-7053-4612-A0B1-B2016696BD02}.Release|ARM.ActiveCfg = Release|iPhone
		{1AD8F240-7053-4612-A0B1-B2016696BD02}.Release|ARM.Build.0 = Release|iPhone
		{1AD8F240-7053-4612-A0B1-B2016696BD02}.Release|ARM.Deploy.0 = Release|iPhone
		{1AD8F240-7053-4612-A0B1-B2016696BD02}.Release|iPhone.ActiveCfg = Release|iPhone
		{1AD8F240-7053-4612-A0B1-B2016696BD02}.Release|iPhone.Build.0 = Release|iPhone
		{1AD8F240-7053-4612-A0B1-B2016696BD02}.Release|iPhone.Deploy.0 = Release|iPhone
		{1AD8F240-7053-4612-A0B1-B2016696BD02}.Release|iPhoneSimulator.ActiveCfg = Release|iPhoneSimulator
		{1AD8F240-7053-4612-A0B1-B2016696BD02}.Release|iPhoneSimulator.Build.0 = Release|iPhoneSimulator
		{1AD8F240-7053-4612-A0B1-B2016696BD02}.Release|iPhoneSimulator.Deploy.0 = Release|iPhoneSimulator
		{1AD8F240-7053-4612-A0B1-B2016696BD02}.Release|x64.ActiveCfg = Release|iPhone
		{1AD8F240-7053-4612-A0B1-B2016696BD02}.Release|x64.Build.0 = Release|iPhone
		{1AD8F240-7053-4612-A0B1-B2016696BD02}.Release|x64.Deploy.0 = Release|iPhone
		{1AD8F240-7053-4612-A0B1-B2016696BD02}.Release|x86.ActiveCfg = Release|iPhone
		{1AD8F240-7053-4612-A0B1-B2016696BD02}.Release|x86.Build.0 = Release|iPhone
		{1AD8F240-7053-4612-A0B1-B2016696BD02}.Release|x86.Deploy.0 = Release|iPhone
		{E6E2170A-46B7-4DED-8458-750D7F0B3ADD}.Ad-Hoc|Any CPU.ActiveCfg = Release|x86
		{E6E2170A-46B7-4DED-8458-750D7F0B3ADD}.Ad-Hoc|Any CPU.Build.0 = Release|x86
		{E6E2170A-46B7-4DED-8458-750D7F0B3ADD}.Ad-Hoc|Any CPU.Deploy.0 = Release|x86
		{E6E2170A-46B7-4DED-8458-750D7F0B3ADD}.Ad-Hoc|ARM.ActiveCfg = Release|ARM
		{E6E2170A-46B7-4DED-8458-750D7F0B3ADD}.Ad-Hoc|ARM.Build.0 = Release|ARM
		{E6E2170A-46B7-4DED-8458-750D7F0B3ADD}.Ad-Hoc|ARM.Deploy.0 = Release|ARM
		{E6E2170A-46B7-4DED-8458-750D7F0B3ADD}.Ad-Hoc|iPhone.ActiveCfg = Release|x86
		{E6E2170A-46B7-4DED-8458-750D7F0B3ADD}.Ad-Hoc|iPhone.Build.0 = Release|x86
		{E6E2170A-46B7-4DED-8458-750D7F0B3ADD}.Ad-Hoc|iPhone.Deploy.0 = Release|x86
		{E6E2170A-46B7-4DED-8458-750D7F0B3ADD}.Ad-Hoc|iPhoneSimulator.ActiveCfg = Release|x86
		{E6E2170A-46B7-4DED-8458-750D7F0B3ADD}.Ad-Hoc|iPhoneSimulator.Build.0 = Release|x86
		{E6E2170A-46B7-4DED-8458-750D7F0B3ADD}.Ad-Hoc|iPhoneSimulator.Deploy.0 = Release|x86
		{E6E2170A-46B7-4DED-8458-750D7F0B3ADD}.Ad-Hoc|x64.ActiveCfg = Release|x64
		{E6E2170A-46B7-4DED-8458-750D7F0B3ADD}.Ad-Hoc|x64.Build.0 = Release|x64
		{E6E2170A-46B7-4DED-8458-750D7F0B3ADD}.Ad-Hoc|x64.Deploy.0 = Release|x64
		{E6E2170A-46B7-4DED-8458-750D7F0B3ADD}.Ad-Hoc|x86.ActiveCfg = Release|x86
		{E6E2170A-46B7-4DED-8458-750D7F0B3ADD}.Ad-Hoc|x86.Build.0 = Release|x86
		{E6E2170A-46B7-4DED-8458-750D7F0B3ADD}.Ad-Hoc|x86.Deploy.0 = Release|x86
		{E6E2170A-46B7-4DED-8458-750D7F0B3ADD}.AppStore|Any CPU.ActiveCfg = Release|x86
		{E6E2170A-46B7-4DED-8458-750D7F0B3ADD}.AppStore|Any CPU.Build.0 = Release|x86
		{E6E2170A-46B7-4DED-8458-750D7F0B3ADD}.AppStore|Any CPU.Deploy.0 = Release|x86
		{E6E2170A-46B7-4DED-8458-750D7F0B3ADD}.AppStore|ARM.ActiveCfg = Release|ARM
		{E6E2170A-46B7-4DED-8458-750D7F0B3ADD}.AppStore|ARM.Build.0 = Release|ARM
		{E6E2170A-46B7-4DED-8458-750D7F0B3ADD}.AppStore|ARM.Deploy.0 = Release|ARM
		{E6E2170A-46B7-4DED-8458-750D7F0B3ADD}.AppStore|iPhone.ActiveCfg = Release|x86
		{E6E2170A-46B7-4DED-8458-750D7F0B3ADD}.AppStore|iPhone.Build.0 = Release|x86
		{E6E2170A-46B7-4DED-8458-750D7F0B3ADD}.AppStore|iPhone.Deploy.0 = Release|x86
		{E6E2170A-46B7-4DED-8458-750D7F0B3ADD}.AppStore|iPhoneSimulator.ActiveCfg = Release|x86
		{E6E2170A-46B7-4DED-8458-750D7F0B3ADD}.AppStore|iPhoneSimulator.Build.0 = Release|x86
		{E6E2170A-46B7-4DED-8458-750D7F0B3ADD}.AppStore|iPhoneSimulator.Deploy.0 = Release|x86
		{E6E2170A-46B7-4DED-8458-750D7F0B3ADD}.AppStore|x64.ActiveCfg = Release|x64
		{E6E2170A-46B7-4DED-8458-750D7F0B3ADD}.AppStore|x64.Build.0 = Release|x64
		{E6E2170A-46B7-4DED-8458-750D7F0B3ADD}.AppStore|x64.Deploy.0 = Release|x64
		{E6E2170A-46B7-4DED-8458-750D7F0B3ADD}.AppStore|x86.ActiveCfg = Release|x86
		{E6E2170A-46B7-4DED-8458-750D7F0B3ADD}.AppStore|x86.Build.0 = Release|x86
		{E6E2170A-46B7-4DED-8458-750D7F0B3ADD}.AppStore|x86.Deploy.0 = Release|x86
		{E6E2170A-46B7-4DED-8458-750D7F0B3ADD}.Debug|Any CPU.ActiveCfg = Debug|x86
		{E6E2170A-46B7-4DED-8458-750D7F0B3ADD}.Debug|Any CPU.Build.0 = Debug|x86
		{E6E2170A-46B7-4DED-8458-750D7F0B3ADD}.Debug|Any CPU.Deploy.0 = Debug|x86
		{E6E2170A-46B7-4DED-8458-750D7F0B3ADD}.Debug|ARM.ActiveCfg = Debug|ARM
		{E6E2170A-46B7-4DED-8458-750D7F0B3ADD}.Debug|ARM.Build.0 = Debug|ARM
		{E6E2170A-46B7-4DED-8458-750D7F0B3ADD}.Debug|ARM.Deploy.0 = Debug|ARM
		{E6E2170A-46B7-4DED-8458-750D7F0B3ADD}.Debug|iPhone.ActiveCfg = Debug|x86
		{E6E2170A-46B7-4DED-8458-750D7F0B3ADD}.Debug|iPhone.Build.0 = Debug|x86
		{E6E2170A-46B7-4DED-8458-750D7F0B3ADD}.Debug|iPhone.Deploy.0 = Debug|x86
		{E6E2170A-46B7-4DED-8458-750D7F0B3ADD}.Debug|iPhoneSimulator.ActiveCfg = Debug|x86
		{E6E2170A-46B7-4DED-8458-750D7F0B3ADD}.Debug|iPhoneSimulator.Build.0 = Debug|x86
		{E6E2170A-46B7-4DED-8458-750D7F0B3ADD}.Debug|iPhoneSimulator.Deploy.0 = Debug|x86
		{E6E2170A-46B7-4DED-8458-750D7F0B3ADD}.Debug|x64.ActiveCfg = Debug|x64
		{E6E2170A-46B7-4DED-8458-750D7F0B3ADD}.Debug|x64.Build.0 = Debug|x64
		{E6E2170A-46B7-4DED-8458-750D7F0B3ADD}.Debug|x64.Deploy.0 = Debug|x64
		{E6E2170A-46B7-4DED-8458-750D7F0B3ADD}.Debug|x86.ActiveCfg = Debug|x86
		{E6E2170A-46B7-4DED-8458-750D7F0B3ADD}.Debug|x86.Build.0 = Debug|x86
		{E6E2170A-46B7-4DED-8458-750D7F0B3ADD}.Debug|x86.Deploy.0 = Debug|x86
		{E6E2170A-46B7-4DED-8458-750D7F0B3ADD}.Release|Any CPU.ActiveCfg = Release|x86
		{E6E2170A-46B7-4DED-8458-750D7F0B3ADD}.Release|Any CPU.Build.0 = Release|x86
		{E6E2170A-46B7-4DED-8458-750D7F0B3ADD}.Release|Any CPU.Deploy.0 = Release|x86
		{E6E2170A-46B7-4DED-8458-750D7F0B3ADD}.Release|ARM.ActiveCfg = Release|ARM
		{E6E2170A-46B7-4DED-8458-750D7F0B3ADD}.Release|ARM.Build.0 = Release|ARM
		{E6E2170A-46B7-4DED-8458-750D7F0B3ADD}.Release|ARM.Deploy.0 = Release|ARM
		{E6E2170A-46B7-4DED-8458-750D7F0B3ADD}.Release|iPhone.ActiveCfg = Release|x86
		{E6E2170A-46B7-4DED-8458-750D7F0B3ADD}.Release|iPhone.Build.0 = Release|x86
		{E6E2170A-46B7-4DED-8458-750D7F0B3ADD}.Release|iPhone.Deploy.0 = Release|x86
		{E6E2170A-46B7-4DED-8458-750D7F0B3ADD}.Release|iPhoneSimulator.ActiveCfg = Release|x86
		{E6E2170A-46B7-4DED-8458-750D7F0B3ADD}.Release|iPhoneSimulator.Build.0 = Release|x86
		{E6E2170A-46B7-4DED-8458-750D7F0B3ADD}.Release|iPhoneSimulator.Deploy.0 = Release|x86
		{E6E2170A-46B7-4DED-8458-750D7F0B3ADD}.Release|x64.ActiveCfg = Release|x64
		{E6E2170A-46B7-4DED-8458-750D7F0B3ADD}.Release|x64.Build.0 = Release|x64
		{E6E2170A-46B7-4DED-8458-750D7F0B3ADD}.Release|x64.Deploy.0 = Release|x64
		{E6E2170A-46B7-4DED-8458-750D7F0B3ADD}.Release|x86.ActiveCfg = Release|x86
		{E6E2170A-46B7-4DED-8458-750D7F0B3ADD}.Release|x86.Build.0 = Release|x86
		{E6E2170A-46B7-4DED-8458-750D7F0B3ADD}.Release|x86.Deploy.0 = Release|x86
		{F1E6669A-4F6D-4548-A9A2-49D73ACFDF13}.Ad-Hoc|Any CPU.ActiveCfg = Debug|Any CPU
		{F1E6669A-4F6D-4548-A9A2-49D73ACFDF13}.Ad-Hoc|Any CPU.Build.0 = Debug|Any CPU
		{F1E6669A-4F6D-4548-A9A2-49D73ACFDF13}.Ad-Hoc|Any CPU.Deploy.0 = Debug|Any CPU
		{F1E6669A-4F6D-4548-A9A2-49D73ACFDF13}.Ad-Hoc|ARM.ActiveCfg = Debug|Any CPU
		{F1E6669A-4F6D-4548-A9A2-49D73ACFDF13}.Ad-Hoc|ARM.Build.0 = Debug|Any CPU
		{F1E6669A-4F6D-4548-A9A2-49D73ACFDF13}.Ad-Hoc|ARM.Deploy.0 = Debug|Any CPU
		{F1E6669A-4F6D-4548-A9A2-49D73ACFDF13}.Ad-Hoc|iPhone.ActiveCfg = Debug|Any CPU
		{F1E6669A-4F6D-4548-A9A2-49D73ACFDF13}.Ad-Hoc|iPhone.Build.0 = Debug|Any CPU
		{F1E6669A-4F6D-4548-A9A2-49D73ACFDF13}.Ad-Hoc|iPhone.Deploy.0 = Debug|Any CPU
		{F1E6669A-4F6D-4548-A9A2-49D73ACFDF13}.Ad-Hoc|iPhoneSimulator.ActiveCfg = Debug|Any CPU
		{F1E6669A-4F6D-4548-A9A2-49D73ACFDF13}.Ad-Hoc|iPhoneSimulator.Build.0 = Debug|Any CPU
		{F1E6669A-4F6D-4548-A9A2-49D73ACFDF13}.Ad-Hoc|iPhoneSimulator.Deploy.0 = Debug|Any CPU
		{F1E6669A-4F6D-4548-A9A2-49D73ACFDF13}.Ad-Hoc|x64.ActiveCfg = Debug|Any CPU
		{F1E6669A-4F6D-4548-A9A2-49D73ACFDF13}.Ad-Hoc|x64.Build.0 = Debug|Any CPU
		{F1E6669A-4F6D-4548-A9A2-49D73ACFDF13}.Ad-Hoc|x64.Deploy.0 = Debug|Any CPU
		{F1E6669A-4F6D-4548-A9A2-49D73ACFDF13}.Ad-Hoc|x86.ActiveCfg = Debug|Any CPU
		{F1E6669A-4F6D-4548-A9A2-49D73ACFDF13}.Ad-Hoc|x86.Build.0 = Debug|Any CPU
		{F1E6669A-4F6D-4548-A9A2-49D73ACFDF13}.Ad-Hoc|x86.Deploy.0 = Debug|Any CPU
		{F1E6669A-4F6D-4548-A9A2-49D73ACFDF13}.AppStore|Any CPU.ActiveCfg = Debug|Any CPU
		{F1E6669A-4F6D-4548-A9A2-49D73ACFDF13}.AppStore|Any CPU.Build.0 = Debug|Any CPU
		{F1E6669A-4F6D-4548-A9A2-49D73ACFDF13}.AppStore|Any CPU.Deploy.0 = Debug|Any CPU
		{F1E6669A-4F6D-4548-A9A2-49D73ACFDF13}.AppStore|ARM.ActiveCfg = Debug|Any CPU
		{F1E6669A-4F6D-4548-A9A2-49D73ACFDF13}.AppStore|ARM.Build.0 = Debug|Any CPU
		{F1E6669A-4F6D-4548-A9A2-49D73ACFDF13}.AppStore|ARM.Deploy.0 = Debug|Any CPU
		{F1E6669A-4F6D-4548-A9A2-49D73ACFDF13}.AppStore|iPhone.ActiveCfg = Debug|Any CPU
		{F1E6669A-4F6D-4548-A9A2-49D73ACFDF13}.AppStore|iPhone.Build.0 = Debug|Any CPU
		{F1E6669A-4F6D-4548-A9A2-49D73ACFDF13}.AppStore|iPhone.Deploy.0 = Debug|Any CPU
		{F1E6669A-4F6D-4548-A9A2-49D73ACFDF13}.AppStore|iPhoneSimulator.ActiveCfg = Debug|Any CPU
		{F1E6669A-4F6D-4548-A9A2-49D73ACFDF13}.AppStore|iPhoneSimulator.Build.0 = Debug|Any CPU
		{F1E6669A-4F6D-4548-A9A2-49D73ACFDF13}.AppStore|iPhoneSimulator.Deploy.0 = Debug|Any CPU
		{F1E6669A-4F6D-4548-A9A2-49D73ACFDF13}.AppStore|x64.ActiveCfg = Debug|Any CPU
		{F1E6669A-4F6D-4548-A9A2-49D73ACFDF13}.AppStore|x64.Build.0 = Debug|Any CPU
		{F1E6669A-4F6D-4548-A9A2-49D73ACFDF13}.AppStore|x64.Deploy.0 = Debug|Any CPU
		{F1E6669A-4F6D-4548-A9A2-49D73ACFDF13}.AppStore|x86.ActiveCfg = Debug|Any CPU
		{F1E6669A-4F6D-4548-A9A2-49D73ACFDF13}.AppStore|x86.Build.0 = Debug|Any CPU
		{F1E6669A-4F6D-4548-A9A2-49D73ACFDF13}.AppStore|x86.Deploy.0 = Debug|Any CPU
		{F1E6669A-4F6D-4548-A9A2-49D73ACFDF13}.Debug|Any CPU.ActiveCfg = Debug|Any CPU
		{F1E6669A-4F6D-4548-A9A2-49D73ACFDF13}.Debug|Any CPU.Build.0 = Debug|Any CPU
		{F1E6669A-4F6D-4548-A9A2-49D73ACFDF13}.Debug|Any CPU.Deploy.0 = Debug|Any CPU
		{F1E6669A-4F6D-4548-A9A2-49D73ACFDF13}.Debug|ARM.ActiveCfg = Debug|Any CPU
		{F1E6669A-4F6D-4548-A9A2-49D73ACFDF13}.Debug|ARM.Build.0 = Debug|Any CPU
		{F1E6669A-4F6D-4548-A9A2-49D73ACFDF13}.Debug|ARM.Deploy.0 = Debug|Any CPU
		{F1E6669A-4F6D-4548-A9A2-49D73ACFDF13}.Debug|iPhone.ActiveCfg = Debug|Any CPU
		{F1E6669A-4F6D-4548-A9A2-49D73ACFDF13}.Debug|iPhone.Build.0 = Debug|Any CPU
		{F1E6669A-4F6D-4548-A9A2-49D73ACFDF13}.Debug|iPhone.Deploy.0 = Debug|Any CPU
		{F1E6669A-4F6D-4548-A9A2-49D73ACFDF13}.Debug|iPhoneSimulator.ActiveCfg = Debug|Any CPU
		{F1E6669A-4F6D-4548-A9A2-49D73ACFDF13}.Debug|iPhoneSimulator.Build.0 = Debug|Any CPU
		{F1E6669A-4F6D-4548-A9A2-49D73ACFDF13}.Debug|iPhoneSimulator.Deploy.0 = Debug|Any CPU
		{F1E6669A-4F6D-4548-A9A2-49D73ACFDF13}.Debug|x64.ActiveCfg = Debug|Any CPU
		{F1E6669A-4F6D-4548-A9A2-49D73ACFDF13}.Debug|x64.Build.0 = Debug|Any CPU
		{F1E6669A-4F6D-4548-A9A2-49D73ACFDF13}.Debug|x64.Deploy.0 = Debug|Any CPU
		{F1E6669A-4F6D-4548-A9A2-49D73ACFDF13}.Debug|x86.ActiveCfg = Debug|Any CPU
		{F1E6669A-4F6D-4548-A9A2-49D73ACFDF13}.Debug|x86.Build.0 = Debug|Any CPU
		{F1E6669A-4F6D-4548-A9A2-49D73ACFDF13}.Debug|x86.Deploy.0 = Debug|Any CPU
		{F1E6669A-4F6D-4548-A9A2-49D73ACFDF13}.Release|Any CPU.ActiveCfg = Release|Any CPU
		{F1E6669A-4F6D-4548-A9A2-49D73ACFDF13}.Release|Any CPU.Build.0 = Release|Any CPU
		{F1E6669A-4F6D-4548-A9A2-49D73ACFDF13}.Release|Any CPU.Deploy.0 = Release|Any CPU
		{F1E6669A-4F6D-4548-A9A2-49D73ACFDF13}.Release|ARM.ActiveCfg = Release|Any CPU
		{F1E6669A-4F6D-4548-A9A2-49D73ACFDF13}.Release|ARM.Build.0 = Release|Any CPU
		{F1E6669A-4F6D-4548-A9A2-49D73ACFDF13}.Release|ARM.Deploy.0 = Release|Any CPU
		{F1E6669A-4F6D-4548-A9A2-49D73ACFDF13}.Release|iPhone.ActiveCfg = Release|Any CPU
		{F1E6669A-4F6D-4548-A9A2-49D73ACFDF13}.Release|iPhone.Build.0 = Release|Any CPU
		{F1E6669A-4F6D-4548-A9A2-49D73ACFDF13}.Release|iPhone.Deploy.0 = Release|Any CPU
		{F1E6669A-4F6D-4548-A9A2-49D73ACFDF13}.Release|iPhoneSimulator.ActiveCfg = Release|Any CPU
		{F1E6669A-4F6D-4548-A9A2-49D73ACFDF13}.Release|iPhoneSimulator.Build.0 = Release|Any CPU
		{F1E6669A-4F6D-4548-A9A2-49D73ACFDF13}.Release|iPhoneSimulator.Deploy.0 = Release|Any CPU
		{F1E6669A-4F6D-4548-A9A2-49D73ACFDF13}.Release|x64.ActiveCfg = Release|Any CPU
		{F1E6669A-4F6D-4548-A9A2-49D73ACFDF13}.Release|x64.Build.0 = Release|Any CPU
		{F1E6669A-4F6D-4548-A9A2-49D73ACFDF13}.Release|x64.Deploy.0 = Release|Any CPU
		{F1E6669A-4F6D-4548-A9A2-49D73ACFDF13}.Release|x86.ActiveCfg = Release|Any CPU
		{F1E6669A-4F6D-4548-A9A2-49D73ACFDF13}.Release|x86.Build.0 = Release|Any CPU
		{F1E6669A-4F6D-4548-A9A2-49D73ACFDF13}.Release|x86.Deploy.0 = Release|Any CPU
	EndGlobalSection
	GlobalSection(SolutionProperties) = preSolution
		HideSolutionNode = FALSE
	EndGlobalSection
	GlobalSection(ExtensibilityGlobals) = postSolution
		SolutionGuid = {36F02FBE-6C9A-4BCC-B427-B8CC2A6DC345}
	EndGlobalSection
EndGlobal
